{
  "name": "puppeteer",
  "version": "1.0.0",
  "lockfileVersion": 1,
  "requires": true,
  "dependencies": {
    "babel-runtime": {
      "version": "6.26.0",
      "resolved": "https://registry.npmjs.org/babel-runtime/-/babel-runtime-6.26.0.tgz",
      "integrity": "sha1-llxwWGaOgrVde/4E/yM3vItWR/4=",
      "requires": {
        "core-js": "^2.4.0",
        "regenerator-runtime": "^0.11.0"
      }
    },
    "clj-fuzzy": {
      "version": "0.3.3",
      "resolved": "https://registry.npmjs.org/clj-fuzzy/-/clj-fuzzy-0.3.3.tgz",
      "integrity": "sha1-seU0MJHFIC28UlMoY+HEp4RX8D0="
    },
    "complex.js": {
      "version": "2.0.11",
      "resolved": "https://registry.npmjs.org/complex.js/-/complex.js-2.0.11.tgz",
      "integrity": "sha512-6IArJLApNtdg1P1dFtn3dnyzoZBEF0MwMnrfF1exSBRpZYoy4yieMkpZhQDC0uwctw48vii0CFVyHfpgZ/DfGw=="
    },
    "core-js": {
      "version": "2.5.7",
      "resolved": "https://registry.npmjs.org/core-js/-/core-js-2.5.7.tgz",
      "integrity": "sha512-RszJCAxg/PP6uzXVXL6BsxSXx/B05oJAQ2vkJRjyjrEcNVycaqOmNb5OTxZPE3xa5gwZduqza6L9JOCenh/Ecw=="
    },
    "decimal.js": {
      "version": "10.0.1",
      "resolved": "https://registry.npmjs.org/decimal.js/-/decimal.js-10.0.1.tgz",
      "integrity": "sha512-vklWB5C4Cj423xnaOtsUmAv0/7GqlXIgDv2ZKDyR64OV3OSzGHNx2mk4p/1EKnB5s70k73cIOOEcG9YzF0q4Lw=="
    },
    "dotenv": {
      "version": "6.1.0",
      "resolved": "https://registry.npmjs.org/dotenv/-/dotenv-6.1.0.tgz",
      "integrity": "sha512-/veDn2ztgRlB7gKmE3i9f6CmDIyXAy6d5nBq+whO9SLX+Zs1sXEgFLPi+aSuWqUuusMfbi84fT8j34fs1HaYUw=="
    },
    "escape-latex": {
      "version": "1.2.0",
      "resolved": "https://registry.npmjs.org/escape-latex/-/escape-latex-1.2.0.tgz",
      "integrity": "sha512-nV5aVWW1K0wEiUIEdZ4erkGGH8mDxGyxSeqPzRNtWP7ataw+/olFObw7hujFWlVjNsaDFw5VZ5NzVSIqRgfTiw=="
    },
    "fraction.js": {
      "version": "4.0.10",
      "resolved": "https://registry.npmjs.org/fraction.js/-/fraction.js-4.0.10.tgz",
      "integrity": "sha512-MHkhk6ggCtwVhKR4pbF+aWrV+8cIVxyWhucESF/1NEcYDgRm4oze/2M09yGTGUQ3WQyZSdcoswJSThc2VGb+KQ=="
    },
    "its-set": {
      "version": "1.2.3",
      "resolved": "https://registry.npmjs.org/its-set/-/its-set-1.2.3.tgz",
      "integrity": "sha512-UQc+xLLn+0a8KKRXRj3OS2kERK8G7zcayPpPULqZnPwuJ1hGWEO8+j0T5eycu7DKXYjezw3pyF8oV1fJkJxV5w==",
      "requires": {
        "babel-runtime": "6.x.x",
        "lodash.get": "^4.4.2"
      }
    },
    "javascript-natural-sort": {
      "version": "0.7.1",
      "resolved": "https://registry.npmjs.org/javascript-natural-sort/-/javascript-natural-sort-0.7.1.tgz",
      "integrity": "sha1-+eIwPUUH9tdDVac2ZNFED7Wg71k="
    },
    "lodash.get": {
      "version": "4.4.2",
      "resolved": "https://registry.npmjs.org/lodash.get/-/lodash.get-4.4.2.tgz",
      "integrity": "sha1-LRd/ZS+jHpObRDjVNBSZ36OCXpk="
    },
    "mathjs": {
      "version": "5.2.3",
      "resolved": "https://registry.npmjs.org/mathjs/-/mathjs-5.2.3.tgz",
      "integrity": "sha512-XGwLHIHANLK2pU/C6HNsr0f/SSjixce5vesHV6F6R8uGaIPfkorr3MNhEsqlDDwkNXiyfkzc5qX7SMIfZ3NXiw==",
      "requires": {
        "complex.js": "2.0.11",
        "decimal.js": "10.0.1",
        "escape-latex": "1.2.0",
        "fraction.js": "4.0.10",
        "javascript-natural-sort": "0.7.1",
        "seed-random": "2.2.0",
        "tiny-emitter": "2.0.2",
        "typed-function": "1.1.0"
      }
    },
    "readline-sync": {
      "version": "1.4.9",
      "resolved": "https://registry.npmjs.org/readline-sync/-/readline-sync-1.4.9.tgz",
      "integrity": "sha1-PtqOZfI80qF+YTAbHwADOWr17No="
    },
    "regenerator-runtime": {
      "version": "0.11.1",
      "resolved": "https://registry.npmjs.org/regenerator-runtime/-/regenerator-runtime-0.11.1.tgz",
      "integrity": "sha512-MguG95oij0fC3QV3URf4V2SDYGJhJnJGqvIIgdECeODCT98wSWDAJ94SSuVpYQUoTcGUIL6L4yNB7j1DFFHSBg=="
    },
    "seed-random": {
      "version": "2.2.0",
      "resolved": "https://registry.npmjs.org/seed-random/-/seed-random-2.2.0.tgz",
      "integrity": "sha1-KpsZ4lCoFwmSMaW5mk2vgLf77VQ="
    },
    "sleep-async": {
      "version": "1.0.5",
      "resolved": "https://registry.npmjs.org/sleep-async/-/sleep-async-1.0.5.tgz",
      "integrity": "sha512-G2B+GBBshG+gSKZZeCTX5ONnF7XVUVpYP0O4QYWmXH6XIpEUfcFbWWwQKleZixg68PWEArvVEi23159F7ohlUQ=="
    },
    "tiny-emitter": {
      "version": "2.0.2",
      "resolved": "https://registry.npmjs.org/tiny-emitter/-/tiny-emitter-2.0.2.tgz",
      "integrity": "sha512-2NM0auVBGft5tee/OxP4PI3d8WItkDM+fPnaRAVo6xTDI2knbz9eC5ArWGqtGlYqiH3RU5yMpdyTTO7MguC4ow=="
    },
    "typed-function": {
      "version": "1.1.0",
      "resolved": "https://registry.npmjs.org/typed-function/-/typed-function-1.1.0.tgz",
      "integrity": "sha512-TuQzwiT4DDg19beHam3E66oRXhyqlyfgjHB/5fcvsRXbfmWPJfto9B4a0TBdTrQAPGlGmXh/k7iUI+WsObgORA=="
    },
    "words-to-numbers": {
      "version": "1.5.1",
      "resolved": "https://registry.npmjs.org/words-to-numbers/-/words-to-numbers-1.5.1.tgz",
      "integrity": "sha512-uvz7zSCKmmA7o5f5zp4Z5l24RQhy6HSNu10URhNxQWv1I82RsFaZX3qD07RLFUMJsCV38oAuaca13AvhO+9yGw==",
      "requires": {
        "babel-runtime": "6.x.x",
        "clj-fuzzy": "^0.3.2",
        "its-set": "^1.1.5"
      }
    }
  }
}
